
Microsoft Visual Studio Solution File, Format Version 11.00
# Visual Studio 2010
Project("{FAE04EC0-301F-11D3-BF4B-00C04F79EFBC}") = "Research_Game", "Research_Game\Research_Game.csproj", "{C0049D20-4756-4965-8A3D-690A4C55ED47}"
EndProject
Global
	GlobalSection(SolutionConfigurationPlatforms) = preSolution
		Debug|Any CPU = Debug|Any CPU
		Release|Any CPU = Release|Any CPU
	EndGlobalSection
	GlobalSection(ProjectConfigurationPlatforms) = postSolution
		{C0049D20-4756-4965-8A3D-690A4C55ED47}.Debug|Any CPU.ActiveCfg = Debug|Any CPU
		{C0049D20-4756-4965-8A3D-690A4C55ED47}.Debug|Any CPU.Build.0 = Debug|Any CPU
		{C0049D20-4756-4965-8A3D-690A4C55ED47}.Release|Any CPU.ActiveCfg = Release|Any CPU
		{C0049D20-4756-4965-8A3D-690A4C55ED47}.Release|Any CPU.Build.0 = Release|Any CPU
	EndGlobalSection
	GlobalSection(MonoDevelopProperties) = preSolution
		StartupItem = Research_Game\Research_Game.csproj
	EndGlobalSection
EndGlobal
